
Microsoft Visual Studio Solution File, Format Version 12.00
# Visual Studio Version 17
VisualStudioVersion = 17.7.34024.191
MinimumVisualStudioVersion = 10.0.40219.1
Project("{FAE04EC0-301F-11D3-BF4B-00C04F79EFBC}") = "SteamMarketBridge", "SteamMarketBridge.csproj", "{C23D8DA8-1C7F-42EE-9A86-98E34B5E7C23}"
EndProject
Global
	GlobalSection(SolutionConfigurationPlatforms) = preSolution
		Debug|Any CPU = Debug|Any CPU
		Release|Any CPU = Release|Any CPU
	EndGlobalSection
	GlobalSection(ProjectConfigurationPlatforms) = postSolution
		{C23D8DA8-1C7F-42EE-9A86-98E34B5E7C23}.Debug|Any CPU.ActiveCfg = Debug|Any CPU
		{C23D8DA8-1C7F-42EE-9A86-98E34B5E7C23}.Debug|Any CPU.Build.0 = Debug|Any CPU
		{C23D8DA8-1C7F-42EE-9A86-98E34B5E7C23}.Release|Any CPU.ActiveCfg = Release|Any CPU
		{C23D8DA8-1C7F-42EE-9A86-98E34B5E7C23}.Release|Any CPU.Build.0 = Release|Any CPU
	EndGlobalSection
	GlobalSection(SolutionProperties) = preSolution
		HideSolutionNode = FALSE
	EndGlobalSection
	GlobalSection(ExtensibilityGlobals) = postSolution
		SolutionGuid = {6E390A8A-C193-401A-8B18-CBF73BC39EBD}
	EndGlobalSection
EndGlobal
